
Microsoft Visual Studio Solution File, Format Version 12.00
# Visual Studio Version 16
VisualStudioVersion = 16.0.31515.178
MinimumVisualStudioVersion = 10.0.40219.1
Project("{FAE04EC0-301F-11D3-BF4B-00C04F79EFBC}") = "TruckRegistration", "TruckRegistration\TruckRegistration.csproj", "{B8112FA9-FE60-4764-A345-EEE8F4D2F87F}"
EndProject
Global
	GlobalSection(SolutionConfigurationPlatforms) = preSolution
		Debug|Any CPU = Debug|Any CPU
		Release|Any CPU = Release|Any CPU
	EndGlobalSection
	GlobalSection(ProjectConfigurationPlatforms) = postSolution
		{B8112FA9-FE60-4764-A345-EEE8F4D2F87F}.Debug|Any CPU.ActiveCfg = Debug|Any CPU
		{B8112FA9-FE60-4764-A345-EEE8F4D2F87F}.Debug|Any CPU.Build.0 = Debug|Any CPU
		{B8112FA9-FE60-4764-A345-EEE8F4D2F87F}.Release|Any CPU.ActiveCfg = Release|Any CPU
		{B8112FA9-FE60-4764-A345-EEE8F4D2F87F}.Release|Any CPU.Build.0 = Release|Any CPU
	EndGlobalSection
	GlobalSection(SolutionProperties) = preSolution
		HideSolutionNode = FALSE
	EndGlobalSection
	GlobalSection(ExtensibilityGlobals) = postSolution
		SolutionGuid = {7E843580-ACE9-4110-85FD-26F558CD7C13}
	EndGlobalSection
EndGlobal
